
Microsoft Visual Studio Solution File, Format Version 12.00
# Visual Studio Version 17
VisualStudioVersion = 17.13.35828.75 d17.13
MinimumVisualStudioVersion = 10.0.40219.1
Project("{FAE04EC0-301F-11D3-BF4B-00C04F79EFBC}") = "switchbetweennumber", "switchbetweennumber\switchbetweennumber.csproj", "{C4018BD9-E864-49DD-B1B2-A4813F8D6BC8}"
EndProject
Global
	GlobalSection(SolutionConfigurationPlatforms) = preSolution
		Debug|Any CPU = Debug|Any CPU
		Release|Any CPU = Release|Any CPU
	EndGlobalSection
	GlobalSection(ProjectConfigurationPlatforms) = postSolution
		{C4018BD9-E864-49DD-B1B2-A4813F8D6BC8}.Debug|Any CPU.ActiveCfg = Debug|Any CPU
		{C4018BD9-E864-49DD-B1B2-A4813F8D6BC8}.Debug|Any CPU.Build.0 = Debug|Any CPU
		{C4018BD9-E864-49DD-B1B2-A4813F8D6BC8}.Release|Any CPU.ActiveCfg = Release|Any CPU
		{C4018BD9-E864-49DD-B1B2-A4813F8D6BC8}.Release|Any CPU.Build.0 = Release|Any CPU
	EndGlobalSection
	GlobalSection(SolutionProperties) = preSolution
		HideSolutionNode = FALSE
	EndGlobalSection
	GlobalSection(ExtensibilityGlobals) = postSolution
		SolutionGuid = {731A04A4-BB96-4173-BAB5-E516E8780CA7}
	EndGlobalSection
EndGlobal
