
Microsoft Visual Studio Solution File, Format Version 12.00
# Visual Studio Version 17
VisualStudioVersion = 17.13.35828.75 d17.13
MinimumVisualStudioVersion = 10.0.40219.1
Project("{FAE04EC0-301F-11D3-BF4B-00C04F79EFBC}") = "digitalClock", "digitalClock\digitalClock.csproj", "{B446B62A-4AD3-4E40-B498-AE2A72E81FBE}"
EndProject
Global
	GlobalSection(SolutionConfigurationPlatforms) = preSolution
		Debug|Any CPU = Debug|Any CPU
		Release|Any CPU = Release|Any CPU
	EndGlobalSection
	GlobalSection(ProjectConfigurationPlatforms) = postSolution
		{B446B62A-4AD3-4E40-B498-AE2A72E81FBE}.Debug|Any CPU.ActiveCfg = Debug|Any CPU
		{B446B62A-4AD3-4E40-B498-AE2A72E81FBE}.Debug|Any CPU.Build.0 = Debug|Any CPU
		{B446B62A-4AD3-4E40-B498-AE2A72E81FBE}.Release|Any CPU.ActiveCfg = Release|Any CPU
		{B446B62A-4AD3-4E40-B498-AE2A72E81FBE}.Release|Any CPU.Build.0 = Release|Any CPU
	EndGlobalSection
	GlobalSection(SolutionProperties) = preSolution
		HideSolutionNode = FALSE
	EndGlobalSection
	GlobalSection(ExtensibilityGlobals) = postSolution
		SolutionGuid = {F1F83183-6ED5-49A1-801D-713E9A35A841}
	EndGlobalSection
EndGlobal
