
Microsoft Visual Studio Solution File, Format Version 12.00
# Visual Studio Version 17
VisualStudioVersion = 17.13.35828.75 d17.13
MinimumVisualStudioVersion = 10.0.40219.1
Project("{FAE04EC0-301F-11D3-BF4B-00C04F79EFBC}") = "ForKillKoll", "ForKillKoll\ForKillKoll.csproj", "{14B93E09-A610-41A0-9EE3-9DE2044BCA15}"
EndProject
Global
	GlobalSection(SolutionConfigurationPlatforms) = preSolution
		Debug|Any CPU = Debug|Any CPU
		Release|Any CPU = Release|Any CPU
	EndGlobalSection
	GlobalSection(ProjectConfigurationPlatforms) = postSolution
		{14B93E09-A610-41A0-9EE3-9DE2044BCA15}.Debug|Any CPU.ActiveCfg = Debug|Any CPU
		{14B93E09-A610-41A0-9EE3-9DE2044BCA15}.Debug|Any CPU.Build.0 = Debug|Any CPU
		{14B93E09-A610-41A0-9EE3-9DE2044BCA15}.Release|Any CPU.ActiveCfg = Release|Any CPU
		{14B93E09-A610-41A0-9EE3-9DE2044BCA15}.Release|Any CPU.Build.0 = Release|Any CPU
	EndGlobalSection
	GlobalSection(SolutionProperties) = preSolution
		HideSolutionNode = FALSE
	EndGlobalSection
	GlobalSection(ExtensibilityGlobals) = postSolution
		SolutionGuid = {3E331205-054E-4E05-9D2A-1775F9027BFC}
	EndGlobalSection
EndGlobal
