
Microsoft Visual Studio Solution File, Format Version 12.00
# Visual Studio Version 17
VisualStudioVersion = 17.13.35828.75 d17.13
MinimumVisualStudioVersion = 10.0.40219.1
Project("{FAE04EC0-301F-11D3-BF4B-00C04F79EFBC}") = "FLT", "FLT\FLT.csproj", "{055CF1B6-98BA-4F17-A7CA-2CC4222FA949}"
EndProject
Global
	GlobalSection(SolutionConfigurationPlatforms) = preSolution
		Debug|Any CPU = Debug|Any CPU
		Release|Any CPU = Release|Any CPU
	EndGlobalSection
	GlobalSection(ProjectConfigurationPlatforms) = postSolution
		{055CF1B6-98BA-4F17-A7CA-2CC4222FA949}.Debug|Any CPU.ActiveCfg = Debug|Any CPU
		{055CF1B6-98BA-4F17-A7CA-2CC4222FA949}.Debug|Any CPU.Build.0 = Debug|Any CPU
		{055CF1B6-98BA-4F17-A7CA-2CC4222FA949}.Release|Any CPU.ActiveCfg = Release|Any CPU
		{055CF1B6-98BA-4F17-A7CA-2CC4222FA949}.Release|Any CPU.Build.0 = Release|Any CPU
	EndGlobalSection
	GlobalSection(SolutionProperties) = preSolution
		HideSolutionNode = FALSE
	EndGlobalSection
	GlobalSection(ExtensibilityGlobals) = postSolution
		SolutionGuid = {CAA5A436-1C5E-4767-8F22-CF2ED6D18EAE}
	EndGlobalSection
EndGlobal
