
Microsoft Visual Studio Solution File, Format Version 12.00
# Visual Studio Version 17
VisualStudioVersion = 17.13.35828.75 d17.13
MinimumVisualStudioVersion = 10.0.40219.1
Project("{FAE04EC0-301F-11D3-BF4B-00C04F79EFBC}") = "Maacalculator", "Maacalculator\Maacalculator.csproj", "{8715B7BD-3067-4AE1-90EE-A3D29418631E}"
EndProject
Global
	GlobalSection(SolutionConfigurationPlatforms) = preSolution
		Debug|Any CPU = Debug|Any CPU
		Release|Any CPU = Release|Any CPU
	EndGlobalSection
	GlobalSection(ProjectConfigurationPlatforms) = postSolution
		{8715B7BD-3067-4AE1-90EE-A3D29418631E}.Debug|Any CPU.ActiveCfg = Debug|Any CPU
		{8715B7BD-3067-4AE1-90EE-A3D29418631E}.Debug|Any CPU.Build.0 = Debug|Any CPU
		{8715B7BD-3067-4AE1-90EE-A3D29418631E}.Release|Any CPU.ActiveCfg = Release|Any CPU
		{8715B7BD-3067-4AE1-90EE-A3D29418631E}.Release|Any CPU.Build.0 = Release|Any CPU
	EndGlobalSection
	GlobalSection(SolutionProperties) = preSolution
		HideSolutionNode = FALSE
	EndGlobalSection
	GlobalSection(ExtensibilityGlobals) = postSolution
		SolutionGuid = {8962A95C-4D1E-4A90-BC35-FC9F3CB59AC7}
	EndGlobalSection
EndGlobal
