
Microsoft Visual Studio Solution File, Format Version 12.00
# Visual Studio Version 17
VisualStudioVersion = 17.13.35828.75 d17.13
MinimumVisualStudioVersion = 10.0.40219.1
Project("{FAE04EC0-301F-11D3-BF4B-00C04F79EFBC}") = "SulgudeKasutamine", "SulgudeKasutamine\SulgudeKasutamine.csproj", "{D138A43C-E342-4916-80D4-33EBAAB4859A}"
EndProject
Global
	GlobalSection(SolutionConfigurationPlatforms) = preSolution
		Debug|Any CPU = Debug|Any CPU
		Release|Any CPU = Release|Any CPU
	EndGlobalSection
	GlobalSection(ProjectConfigurationPlatforms) = postSolution
		{D138A43C-E342-4916-80D4-33EBAAB4859A}.Debug|Any CPU.ActiveCfg = Debug|Any CPU
		{D138A43C-E342-4916-80D4-33EBAAB4859A}.Debug|Any CPU.Build.0 = Debug|Any CPU
		{D138A43C-E342-4916-80D4-33EBAAB4859A}.Release|Any CPU.ActiveCfg = Release|Any CPU
		{D138A43C-E342-4916-80D4-33EBAAB4859A}.Release|Any CPU.Build.0 = Release|Any CPU
	EndGlobalSection
	GlobalSection(SolutionProperties) = preSolution
		HideSolutionNode = FALSE
	EndGlobalSection
	GlobalSection(ExtensibilityGlobals) = postSolution
		SolutionGuid = {48B96AE6-21E8-4B9D-B197-9A44238944E2}
	EndGlobalSection
EndGlobal
